
Microsoft Visual Studio Solution File, Format Version 12.00
# Visual Studio Version 17
VisualStudioVersion = 17.5.33502.453
MinimumVisualStudioVersion = 10.0.40219.1
Project("{9A19103F-16F7-4668-BE54-9A1E7A4F7556}") = "PruebaTecnica", "PruebaTecnica.csproj", "{2A32CB22-F724-4830-B800-0A100BC5EBD7}"
EndProject
Project("{9A19103F-16F7-4668-BE54-9A1E7A4F7556}") = "TestPruebaTecnica", "..\TestPruebaTecnica\TestPruebaTecnica.csproj", "{8FB8CC34-F764-4A59-B0F3-476304C66D7C}"
EndProject
Global
	GlobalSection(SolutionConfigurationPlatforms) = preSolution
		Debug|Any CPU = Debug|Any CPU
		Release|Any CPU = Release|Any CPU
	EndGlobalSection
	GlobalSection(ProjectConfigurationPlatforms) = postSolution
		{2A32CB22-F724-4830-B800-0A100BC5EBD7}.Debug|Any CPU.ActiveCfg = Debug|Any CPU
		{2A32CB22-F724-4830-B800-0A100BC5EBD7}.Debug|Any CPU.Build.0 = Debug|Any CPU
		{2A32CB22-F724-4830-B800-0A100BC5EBD7}.Release|Any CPU.ActiveCfg = Release|Any CPU
		{2A32CB22-F724-4830-B800-0A100BC5EBD7}.Release|Any CPU.Build.0 = Release|Any CPU
		{8FB8CC34-F764-4A59-B0F3-476304C66D7C}.Debug|Any CPU.ActiveCfg = Debug|Any CPU
		{8FB8CC34-F764-4A59-B0F3-476304C66D7C}.Debug|Any CPU.Build.0 = Debug|Any CPU
		{8FB8CC34-F764-4A59-B0F3-476304C66D7C}.Release|Any CPU.ActiveCfg = Release|Any CPU
		{8FB8CC34-F764-4A59-B0F3-476304C66D7C}.Release|Any CPU.Build.0 = Release|Any CPU
	EndGlobalSection
	GlobalSection(SolutionProperties) = preSolution
		HideSolutionNode = FALSE
	EndGlobalSection
	GlobalSection(ExtensibilityGlobals) = postSolution
		SolutionGuid = {2C3291D3-90D5-4C85-B3AE-2AC8A998A947}
	EndGlobalSection
EndGlobal
